
Microsoft Visual Studio Solution File, Format Version 12.00
# Visual Studio Version 17
VisualStudioVersion = 17.14.36518.9
MinimumVisualStudioVersion = 10.0.40219.1
Project("{FAE04EC0-301F-11D3-BF4B-00C04F79EFBC}") = "SmartMentorApi", "SmartMentorApi.csproj", "{8EB4CB65-1AAC-4201-B603-97B446C6A736}"
EndProject
Project("{2150E333-8FDC-42A3-9474-1A3956D46DE8}") = "Core", "Core", "{02EA681E-C7D8-13C7-8484-4AC65E1B71E8}"
EndProject
Project("{FAE04EC0-301F-11D3-BF4B-00C04F79EFBC}") = "SmartMentor.Abstraction", "..\SmartMentor.Abstraction\SmartMentor.Abstraction.csproj", "{587FFCC9-A13F-4072-BB00-3E79D6E40D83}"
EndProject
Project("{FAE04EC0-301F-11D3-BF4B-00C04F79EFBC}") = "SmartMentor.Application", "..\SmartMentor.Application\SmartMentor.Application.csproj", "{DFE5EA1E-4CEB-4A6F-88E8-6B426D9D959A}"
EndProject
Project("{FAE04EC0-301F-11D3-BF4B-00C04F79EFBC}") = "SmartMentor.Domain", "..\SmartMentor.Domain\SmartMentor.Domain.csproj", "{57513985-6F14-4296-B236-A78F2B3B389A}"
EndProject
Project("{2150E333-8FDC-42A3-9474-1A3956D46DE8}") = "Infrastructure", "Infrastructure", "{06EB5009-FF4C-4C2D-B171-F2125A856235}"
EndProject
Project("{FAE04EC0-301F-11D3-BF4B-00C04F79EFBC}") = "SmartMentor.Persistence", "..\SmartMentor.Persistence\SmartMentor.Persistence.csproj", "{CA8BF7BB-B678-40F4-B64C-E3DDA4A09F34}"
EndProject
Global
	GlobalSection(SolutionConfigurationPlatforms) = preSolution
		Debug|Any CPU = Debug|Any CPU
		Release|Any CPU = Release|Any CPU
	EndGlobalSection
	GlobalSection(ProjectConfigurationPlatforms) = postSolution
		{8EB4CB65-1AAC-4201-B603-97B446C6A736}.Debug|Any CPU.ActiveCfg = Debug|Any CPU
		{8EB4CB65-1AAC-4201-B603-97B446C6A736}.Debug|Any CPU.Build.0 = Debug|Any CPU
		{8EB4CB65-1AAC-4201-B603-97B446C6A736}.Release|Any CPU.ActiveCfg = Release|Any CPU
		{8EB4CB65-1AAC-4201-B603-97B446C6A736}.Release|Any CPU.Build.0 = Release|Any CPU
		{587FFCC9-A13F-4072-BB00-3E79D6E40D83}.Debug|Any CPU.ActiveCfg = Debug|Any CPU
		{587FFCC9-A13F-4072-BB00-3E79D6E40D83}.Debug|Any CPU.Build.0 = Debug|Any CPU
		{587FFCC9-A13F-4072-BB00-3E79D6E40D83}.Release|Any CPU.ActiveCfg = Release|Any CPU
		{587FFCC9-A13F-4072-BB00-3E79D6E40D83}.Release|Any CPU.Build.0 = Release|Any CPU
		{DFE5EA1E-4CEB-4A6F-88E8-6B426D9D959A}.Debug|Any CPU.ActiveCfg = Debug|Any CPU
		{DFE5EA1E-4CEB-4A6F-88E8-6B426D9D959A}.Debug|Any CPU.Build.0 = Debug|Any CPU
		{DFE5EA1E-4CEB-4A6F-88E8-6B426D9D959A}.Release|Any CPU.ActiveCfg = Release|Any CPU
		{DFE5EA1E-4CEB-4A6F-88E8-6B426D9D959A}.Release|Any CPU.Build.0 = Release|Any CPU
		{57513985-6F14-4296-B236-A78F2B3B389A}.Debug|Any CPU.ActiveCfg = Debug|Any CPU
		{57513985-6F14-4296-B236-A78F2B3B389A}.Debug|Any CPU.Build.0 = Debug|Any CPU
		{57513985-6F14-4296-B236-A78F2B3B389A}.Release|Any CPU.ActiveCfg = Release|Any CPU
		{57513985-6F14-4296-B236-A78F2B3B389A}.Release|Any CPU.Build.0 = Release|Any CPU
		{CA8BF7BB-B678-40F4-B64C-E3DDA4A09F34}.Debug|Any CPU.ActiveCfg = Debug|Any CPU
		{CA8BF7BB-B678-40F4-B64C-E3DDA4A09F34}.Debug|Any CPU.Build.0 = Debug|Any CPU
		{CA8BF7BB-B678-40F4-B64C-E3DDA4A09F34}.Release|Any CPU.ActiveCfg = Release|Any CPU
		{CA8BF7BB-B678-40F4-B64C-E3DDA4A09F34}.Release|Any CPU.Build.0 = Release|Any CPU
	EndGlobalSection
	GlobalSection(SolutionProperties) = preSolution
		HideSolutionNode = FALSE
	EndGlobalSection
	GlobalSection(NestedProjects) = preSolution
		{587FFCC9-A13F-4072-BB00-3E79D6E40D83} = {02EA681E-C7D8-13C7-8484-4AC65E1B71E8}
		{DFE5EA1E-4CEB-4A6F-88E8-6B426D9D959A} = {02EA681E-C7D8-13C7-8484-4AC65E1B71E8}
		{57513985-6F14-4296-B236-A78F2B3B389A} = {02EA681E-C7D8-13C7-8484-4AC65E1B71E8}
		{CA8BF7BB-B678-40F4-B64C-E3DDA4A09F34} = {06EB5009-FF4C-4C2D-B171-F2125A856235}
	EndGlobalSection
	GlobalSection(ExtensibilityGlobals) = postSolution
		SolutionGuid = {157F81B1-822E-47D8-85F4-3234CB96C625}
	EndGlobalSection
EndGlobal
